
Microsoft Visual Studio Solution File, Format Version 12.00
# Visual Studio Version 17
VisualStudioVersion = 17.9.34728.123
MinimumVisualStudioVersion = 10.0.40219.1
Project("{FAE04EC0-301F-11D3-BF4B-00C04F79EFBC}") = "BlazorMovieApp", "BlazorMovieApp\BlazorMovieApp.csproj", "{040E472D-C74C-4D1E-8452-569FCB707794}"
EndProject
Global
	GlobalSection(SolutionConfigurationPlatforms) = preSolution
		Debug|Any CPU = Debug|Any CPU
		Release|Any CPU = Release|Any CPU
	EndGlobalSection
	GlobalSection(ProjectConfigurationPlatforms) = postSolution
		{040E472D-C74C-4D1E-8452-569FCB707794}.Debug|Any CPU.ActiveCfg = Debug|Any CPU
		{040E472D-C74C-4D1E-8452-569FCB707794}.Debug|Any CPU.Build.0 = Debug|Any CPU
		{040E472D-C74C-4D1E-8452-569FCB707794}.Release|Any CPU.ActiveCfg = Release|Any CPU
		{040E472D-C74C-4D1E-8452-569FCB707794}.Release|Any CPU.Build.0 = Release|Any CPU
	EndGlobalSection
	GlobalSection(SolutionProperties) = preSolution
		HideSolutionNode = FALSE
	EndGlobalSection
	GlobalSection(ExtensibilityGlobals) = postSolution
		SolutionGuid = {4CE344F4-C62C-4E86-BDFA-A5B51867F072}
	EndGlobalSection
EndGlobal
